// !$*UTF8*$!
{
	archiveVersion = 1;
	classes = {
	};
	objectVersion = 46;
	objects = {

/* Begin PBXBuildFile section */
		B01B10CF1B8BDBB7003DCD82 /* SimplestExample.swift in Sources */ = {isa = PBXBuildFile; fileRef = B01B10CE1B8BDBB7003DCD82 /* SimplestExample.swift */; };
		B0239BD91B85EC08002801FD /* TKSwarmAlertTests.swift in Sources */ = {isa = PBXBuildFile; fileRef = B0239BD81B85EC08002801FD /* TKSwarmAlertTests.swift */; };
		B0239BF11B85EC90002801FD /* BrightView.swift in Sources */ = {isa = PBXBuildFile; fileRef = B0239BE31B85EC90002801FD /* BrightView.swift */; };
		B0239BF21B85EC90002801FD /* FallingAnimationView.swift in Sources */ = {isa = PBXBuildFile; fileRef = B0239BE41B85EC90002801FD /* FallingAnimationView.swift */; };
		B0239BF31B85EC90002801FD /* CGRectEx.swift in Sources */ = {isa = PBXBuildFile; fileRef = B0239BE61B85EC90002801FD /* CGRectEx.swift */; };
		B0239BF41B85EC90002801FD /* DynamicBlurView.swift in Sources */ = {isa = PBXBuildFile; fileRef = B0239BE71B85EC90002801FD /* DynamicBlurView.swift */; };
		B0239BF51B85EC90002801FD /* NSTimerEx.swift in Sources */ = {isa = PBXBuildFile; fileRef = B0239BE81B85EC90002801FD /* NSTimerEx.swift */; };
		B0239BF61B85EC90002801FD /* TKSwarmAlert.swift in Sources */ = {isa = PBXBuildFile; fileRef = B0239BE91B85EC90002801FD /* TKSwarmAlert.swift */; };
		B0239BF71B85EC90002801FD /* TKSWBackgroundView.swift in Sources */ = {isa = PBXBuildFile; fileRef = B0239BEA1B85EC90002801FD /* TKSWBackgroundView.swift */; };
		B0239BF81B85EC90002801FD /* AppDelegate.swift in Sources */ = {isa = PBXBuildFile; fileRef = B0239BEC1B85EC90002801FD /* AppDelegate.swift */; };
		B0239BF91B85EC90002801FD /* Images.xcassets in Resources */ = {isa = PBXBuildFile; fileRef = B0239BED1B85EC90002801FD /* Images.xcassets */; };
		B0239BFA1B85EC90002801FD /* SampleDesignView.swift in Sources */ = {isa = PBXBuildFile; fileRef = B0239BEE1B85EC90002801FD /* SampleDesignView.swift */; };
		B0239BFB1B85EC90002801FD /* ViewController+SampleViews.swift in Sources */ = {isa = PBXBuildFile; fileRef = B0239BEF1B85EC90002801FD /* ViewController+SampleViews.swift */; };
		B0239BFC1B85EC90002801FD /* ViewController.swift in Sources */ = {isa = PBXBuildFile; fileRef = B0239BF01B85EC90002801FD /* ViewController.swift */; };
		B0239C021B85ECA4002801FD /* LaunchScreen.xib in Resources */ = {isa = PBXBuildFile; fileRef = B0239BFE1B85ECA4002801FD /* LaunchScreen.xib */; };
		B0239C031B85ECA4002801FD /* Main.storyboard in Resources */ = {isa = PBXBuildFile; fileRef = B0239C001B85ECA4002801FD /* Main.storyboard */; };
/* End PBXBuildFile section */

/* Begin PBXContainerItemProxy section */
		B0239BD31B85EC08002801FD /* PBXContainerItemProxy */ = {
			isa = PBXContainerItemProxy;
			containerPortal = B0239BB51B85EC08002801FD /* Project object */;
			proxyType = 1;
			remoteGlobalIDString = B0239BBC1B85EC08002801FD;
			remoteInfo = TKSwarmAlert;
		};
/* End PBXContainerItemProxy section */

/* Begin PBXFileReference section */
		B01B10CE1B8BDBB7003DCD82 /* SimplestExample.swift */ = {isa = PBXFileReference; fileEncoding = 4; lastKnownFileType = sourcecode.swift; path = SimplestExample.swift; sourceTree = "<group>"; };
		B0239BBD1B85EC08002801FD /* TKSwarmAlert.app */ = {isa = PBXFileReference; explicitFileType = wrapper.application; includeInIndex = 0; path = TKSwarmAlert.app; sourceTree = BUILT_PRODUCTS_DIR; };
		B0239BC11B85EC08002801FD /* Info.plist */ = {isa = PBXFileReference; lastKnownFileType = text.plist.xml; path = Info.plist; sourceTree = "<group>"; };
		B0239BD21B85EC08002801FD /* TKSwarmAlertTests.xctest */ = {isa = PBXFileReference; explicitFileType = wrapper.cfbundle; includeInIndex = 0; path = TKSwarmAlertTests.xctest; sourceTree = BUILT_PRODUCTS_DIR; };
		B0239BD71B85EC08002801FD /* Info.plist */ = {isa = PBXFileReference; lastKnownFileType = text.plist.xml; path = Info.plist; sourceTree = "<group>"; };
		B0239BD81B85EC08002801FD /* TKSwarmAlertTests.swift */ = {isa = PBXFileReference; lastKnownFileType = sourcecode.swift; path = TKSwarmAlertTests.swift; sourceTree = "<group>"; };
		B0239BE31B85EC90002801FD /* BrightView.swift */ = {isa = PBXFileReference; fileEncoding = 4; lastKnownFileType = sourcecode.swift; path = BrightView.swift; sourceTree = "<group>"; };
		B0239BE41B85EC90002801FD /* FallingAnimationView.swift */ = {isa = PBXFileReference; fileEncoding = 4; lastKnownFileType = sourcecode.swift; path = FallingAnimationView.swift; sourceTree = "<group>"; };
		B0239BE61B85EC90002801FD /* CGRectEx.swift */ = {isa = PBXFileReference; fileEncoding = 4; lastKnownFileType = sourcecode.swift; path = CGRectEx.swift; sourceTree = "<group>"; };
		B0239BE71B85EC90002801FD /* DynamicBlurView.swift */ = {isa = PBXFileReference; fileEncoding = 4; lastKnownFileType = sourcecode.swift; path = DynamicBlurView.swift; sourceTree = "<group>"; };
		B0239BE81B85EC90002801FD /* NSTimerEx.swift */ = {isa = PBXFileReference; fileEncoding = 4; lastKnownFileType = sourcecode.swift; path = NSTimerEx.swift; sourceTree = "<group>"; };
		B0239BE91B85EC90002801FD /* TKSwarmAlert.swift */ = {isa = PBXFileReference; fileEncoding = 4; lastKnownFileType = sourcecode.swift; path = TKSwarmAlert.swift; sourceTree = "<group>"; };
		B0239BEA1B85EC90002801FD /* TKSWBackgroundView.swift */ = {isa = PBXFileReference; fileEncoding = 4; lastKnownFileType = sourcecode.swift; path = TKSWBackgroundView.swift; sourceTree = "<group>"; };
		B0239BEC1B85EC90002801FD /* AppDelegate.swift */ = {isa = PBXFileReference; fileEncoding = 4; lastKnownFileType = sourcecode.swift; path = AppDelegate.swift; sourceTree = "<group>"; };
		B0239BED1B85EC90002801FD /* Images.xcassets */ = {isa = PBXFileReference; lastKnownFileType = folder.assetcatalog; path = Images.xcassets; sourceTree = "<group>"; };
		B0239BEE1B85EC90002801FD /* SampleDesignView.swift */ = {isa = PBXFileReference; fileEncoding = 4; lastKnownFileType = sourcecode.swift; path = SampleDesignView.swift; sourceTree = "<group>"; };
		B0239BEF1B85EC90002801FD /* ViewController+SampleViews.swift */ = {isa = PBXFileReference; fileEncoding = 4; lastKnownFileType = sourcecode.swift; path = "ViewController+SampleViews.swift"; sourceTree = "<group>"; };
		B0239BF01B85EC90002801FD /* ViewController.swift */ = {isa = PBXFileReference; fileEncoding = 4; lastKnownFileType = sourcecode.swift; path = ViewController.swift; sourceTree = "<group>"; };
		B0239BFF1B85ECA4002801FD /* Base */ = {isa = PBXFileReference; lastKnownFileType = file.xib; name = Base; path = LaunchScreen.xib; sourceTree = "<group>"; };
		B0239C011B85ECA4002801FD /* Base */ = {isa = PBXFileReference; lastKnownFileType = file.storyboard; name = Base; path = Main.storyboard; sourceTree = "<group>"; };
/* End PBXFileReference section */

/* Begin PBXFrameworksBuildPhase section */
		B0239BBA1B85EC08002801FD /* Frameworks */ = {
			isa = PBXFrameworksBuildPhase;
			buildActionMask = 2147483647;
			files = (
			);
			runOnlyForDeploymentPostprocessing = 0;
		};
		B0239BCF1B85EC08002801FD /* Frameworks */ = {
			isa = PBXFrameworksBuildPhase;
			buildActionMask = 2147483647;
			files = (
			);
			runOnlyForDeploymentPostprocessing = 0;
		};
/* End PBXFrameworksBuildPhase section */

/* Begin PBXGroup section */
		B0239BB41B85EC08002801FD = {
			isa = PBXGroup;
			children = (
				B0239BBF1B85EC08002801FD /* TKSwarmAlert */,
				B0239BD51B85EC08002801FD /* TKSwarmAlertTests */,
				B0239BBE1B85EC08002801FD /* Products */,
			);
			sourceTree = "<group>";
		};
		B0239BBE1B85EC08002801FD /* Products */ = {
			isa = PBXGroup;
			children = (
				B0239BBD1B85EC08002801FD /* TKSwarmAlert.app */,
				B0239BD21B85EC08002801FD /* TKSwarmAlertTests.xctest */,
			);
			name = Products;
			sourceTree = "<group>";
		};
		B0239BBF1B85EC08002801FD /* TKSwarmAlert */ = {
			isa = PBXGroup;
			children = (
				B0239BE21B85EC90002801FD /* Classes */,
				B0239BEB1B85EC90002801FD /* Examples */,
				B0239BC01B85EC08002801FD /* Supporting Files */,
			);
			path = TKSwarmAlert;
			sourceTree = "<group>";
		};
		B0239BC01B85EC08002801FD /* Supporting Files */ = {
			isa = PBXGroup;
			children = (
				B0239BC11B85EC08002801FD /* Info.plist */,
			);
			name = "Supporting Files";
			sourceTree = "<group>";
		};
		B0239BD51B85EC08002801FD /* TKSwarmAlertTests */ = {
			isa = PBXGroup;
			children = (
				B0239BD81B85EC08002801FD /* TKSwarmAlertTests.swift */,
				B0239BD61B85EC08002801FD /* Supporting Files */,
			);
			path = TKSwarmAlertTests;
			sourceTree = "<group>";
		};
		B0239BD61B85EC08002801FD /* Supporting Files */ = {
			isa = PBXGroup;
			children = (
				B0239BD71B85EC08002801FD /* Info.plist */,
			);
			name = "Supporting Files";
			sourceTree = "<group>";
		};
		B0239BE21B85EC90002801FD /* Classes */ = {
			isa = PBXGroup;
			children = (
				B0239BE51B85EC90002801FD /* helper */,
				B0239BE31B85EC90002801FD /* BrightView.swift */,
				B0239BE41B85EC90002801FD /* FallingAnimationView.swift */,
				B0239BE91B85EC90002801FD /* TKSwarmAlert.swift */,
				B0239BEA1B85EC90002801FD /* TKSWBackgroundView.swift */,
			);
			path = Classes;
			sourceTree = "<group>";
		};
		B0239BE51B85EC90002801FD /* helper */ = {
			isa = PBXGroup;
			children = (
				B0239BE61B85EC90002801FD /* CGRectEx.swift */,
				B0239BE71B85EC90002801FD /* DynamicBlurView.swift */,
				B0239BE81B85EC90002801FD /* NSTimerEx.swift */,
			);
			path = helper;
			sourceTree = "<group>";
		};
		B0239BEB1B85EC90002801FD /* Examples */ = {
			isa = PBXGroup;
			children = (
				B0239BFD1B85ECA4002801FD /* Base.lproj */,
				B0239BEC1B85EC90002801FD /* AppDelegate.swift */,
				B0239BED1B85EC90002801FD /* Images.xcassets */,
				B0239BEE1B85EC90002801FD /* SampleDesignView.swift */,
				B0239BEF1B85EC90002801FD /* ViewController+SampleViews.swift */,
				B01B10CE1B8BDBB7003DCD82 /* SimplestExample.swift */,
				B0239BF01B85EC90002801FD /* ViewController.swift */,
			);
			path = Examples;
			sourceTree = "<group>";
		};
		B0239BFD1B85ECA4002801FD /* Base.lproj */ = {
			isa = PBXGroup;
			children = (
				B0239BFE1B85ECA4002801FD /* LaunchScreen.xib */,
				B0239C001B85ECA4002801FD /* Main.storyboard */,
			);
			path = Base.lproj;
			sourceTree = "<group>";
		};
/* End PBXGroup section */

/* Begin PBXNativeTarget section */
		B0239BBC1B85EC08002801FD /* TKSwarmAlert */ = {
			isa = PBXNativeTarget;
			buildConfigurationList = B0239BDC1B85EC08002801FD /* Build configuration list for PBXNativeTarget "TKSwarmAlert" */;
			buildPhases = (
				B0239BB91B85EC08002801FD /* Sources */,
				B0239BBA1B85EC08002801FD /* Frameworks */,
				B0239BBB1B85EC08002801FD /* Resources */,
			);
			buildRules = (
			);
			dependencies = (
			);
			name = TKSwarmAlert;
			productName = TKSwarmAlert;
			productReference = B0239BBD1B85EC08002801FD /* TKSwarmAlert.app */;
			productType = "com.apple.product-type.application";
		};
		B0239BD11B85EC08002801FD /* TKSwarmAlertTests */ = {
			isa = PBXNativeTarget;
			buildConfigurationList = B0239BDF1B85EC08002801FD /* Build configuration list for PBXNativeTarget "TKSwarmAlertTests" */;
			buildPhases = (
				B0239BCE1B85EC08002801FD /* Sources */,
				B0239BCF1B85EC08002801FD /* Frameworks */,
				B0239BD01B85EC08002801FD /* Resources */,
			);
			buildRules = (
			);
			dependencies = (
				B0239BD41B85EC08002801FD /* PBXTargetDependency */,
			);
			name = TKSwarmAlertTests;
			productName = TKSwarmAlertTests;
			productReference = B0239BD21B85EC08002801FD /* TKSwarmAlertTests.xctest */;
			productType = "com.apple.product-type.bundle.unit-test";
		};
/* End PBXNativeTarget section */

/* Begin PBXProject section */
		B0239BB51B85EC08002801FD /* Project object */ = {
			isa = PBXProject;
			attributes = {
				LastUpgradeCheck = 0640;
				ORGANIZATIONNAME = Uniface;
				TargetAttributes = {
					B0239BBC1B85EC08002801FD = {
						CreatedOnToolsVersion = 6.4;
					};
					B0239BD11B85EC08002801FD = {
						CreatedOnToolsVersion = 6.4;
						TestTargetID = B0239BBC1B85EC08002801FD;
					};
				};
			};
			buildConfigurationList = B0239BB81B85EC08002801FD /* Build configuration list for PBXProject "TKSwarmAlert" */;
			compatibilityVersion = "Xcode 3.2";
			developmentRegion = English;
			hasScannedForEncodings = 0;
			knownRegions = (
				en,
				Base,
			);
			mainGroup = B0239BB41B85EC08002801FD;
			productRefGroup = B0239BBE1B85EC08002801FD /* Products */;
			projectDirPath = "";
			projectRoot = "";
			targets = (
				B0239BBC1B85EC08002801FD /* TKSwarmAlert */,
				B0239BD11B85EC08002801FD /* TKSwarmAlertTests */,
			);
		};
/* End PBXProject section */

/* Begin PBXResourcesBuildPhase section */
		B0239BBB1B85EC08002801FD /* Resources */ = {
			isa = PBXResourcesBuildPhase;
			buildActionMask = 2147483647;
			files = (
				B0239C031B85ECA4002801FD /* Main.storyboard in Resources */,
				B0239C021B85ECA4002801FD /* LaunchScreen.xib in Resources */,
				B0239BF91B85EC90002801FD /* Images.xcassets in Resources */,
			);
			runOnlyForDeploymentPostprocessing = 0;
		};
		B0239BD01B85EC08002801FD /* Resources */ = {
			isa = PBXResourcesBuildPhase;
			buildActionMask = 2147483647;
			files = (
			);
			runOnlyForDeploymentPostprocessing = 0;
		};
/* End PBXResourcesBuildPhase section */

/* Begin PBXSourcesBuildPhase section */
		B0239BB91B85EC08002801FD /* Sources */ = {
			isa = PBXSourcesBuildPhase;
			buildActionMask = 2147483647;
			files = (
				B0239BFA1B85EC90002801FD /* SampleDesignView.swift in Sources */,
				B01B10CF1B8BDBB7003DCD82 /* SimplestExample.swift in Sources */,
				B0239BF81B85EC90002801FD /* AppDelegate.swift in Sources */,
				B0239BF71B85EC90002801FD /* TKSWBackgroundView.swift in Sources */,
				B0239BF11B85EC90002801FD /* BrightView.swift in Sources */,
				B0239BFC1B85EC90002801FD /* ViewController.swift in Sources */,
				B0239BF41B85EC90002801FD /* DynamicBlurView.swift in Sources */,
				B0239BF61B85EC90002801FD /* TKSwarmAlert.swift in Sources */,
				B0239BF31B85EC90002801FD /* CGRectEx.swift in Sources */,
				B0239BF51B85EC90002801FD /* NSTimerEx.swift in Sources */,
				B0239BFB1B85EC90002801FD /* ViewController+SampleViews.swift in Sources */,
				B0239BF21B85EC90002801FD /* FallingAnimationView.swift in Sources */,
			);
			runOnlyForDeploymentPostprocessing = 0;
		};
		B0239BCE1B85EC08002801FD /* Sources */ = {
			isa = PBXSourcesBuildPhase;
			buildActionMask = 2147483647;
			files = (
				B0239BD91B85EC08002801FD /* TKSwarmAlertTests.swift in Sources */,
			);
			runOnlyForDeploymentPostprocessing = 0;
		};
/* End PBXSourcesBuildPhase section */

/* Begin PBXTargetDependency section */
		B0239BD41B85EC08002801FD /* PBXTargetDependency */ = {
			isa = PBXTargetDependency;
			target = B0239BBC1B85EC08002801FD /* TKSwarmAlert */;
			targetProxy = B0239BD31B85EC08002801FD /* PBXContainerItemProxy */;
		};
/* End PBXTargetDependency section */

/* Begin PBXVariantGroup section */
		B0239BFE1B85ECA4002801FD /* LaunchScreen.xib */ = {
			isa = PBXVariantGroup;
			children = (
				B0239BFF1B85ECA4002801FD /* Base */,
			);
			name = LaunchScreen.xib;
			sourceTree = "<group>";
		};
		B0239C001B85ECA4002801FD /* Main.storyboard */ = {
			isa = PBXVariantGroup;
			children = (
				B0239C011B85ECA4002801FD /* Base */,
			);
			name = Main.storyboard;
			sourceTree = "<group>";
		};
/* End PBXVariantGroup section */

/* Begin XCBuildConfiguration section */
		B0239BDA1B85EC08002801FD /* Debug */ = {
			isa = XCBuildConfiguration;
			buildSettings = {
				ALWAYS_SEARCH_USER_PATHS = NO;
				CLANG_CXX_LANGUAGE_STANDARD = "gnu++0x";
				CLANG_CXX_LIBRARY = "libc++";
				CLANG_ENABLE_MODULES = YES;
				CLANG_ENABLE_OBJC_ARC = YES;
				CLANG_WARN_BOOL_CONVERSION = YES;
				CLANG_WARN_CONSTANT_CONVERSION = YES;
				CLANG_WARN_DIRECT_OBJC_ISA_USAGE = YES_ERROR;
				CLANG_WARN_EMPTY_BODY = YES;
				CLANG_WARN_ENUM_CONVERSION = YES;
				CLANG_WARN_INT_CONVERSION = YES;
				CLANG_WARN_OBJC_ROOT_CLASS = YES_ERROR;
				CLANG_WARN_UNREACHABLE_CODE = YES;
				CLANG_WARN__DUPLICATE_METHOD_MATCH = YES;
				"CODE_SIGN_IDENTITY[sdk=iphoneos*]" = "iPhone Developer";
				COPY_PHASE_STRIP = NO;
				DEBUG_INFORMATION_FORMAT = "dwarf-with-dsym";
				ENABLE_STRICT_OBJC_MSGSEND = YES;
				GCC_C_LANGUAGE_STANDARD = gnu99;
				GCC_DYNAMIC_NO_PIC = NO;
				GCC_NO_COMMON_BLOCKS = YES;
				GCC_OPTIMIZATION_LEVEL = 0;
				GCC_PREPROCESSOR_DEFINITIONS = (
					"DEBUG=1",
					"$(inherited)",
				);
				GCC_SYMBOLS_PRIVATE_EXTERN = NO;
				GCC_WARN_64_TO_32_BIT_CONVERSION = YES;
				GCC_WARN_ABOUT_RETURN_TYPE = YES_ERROR;
				GCC_WARN_UNDECLARED_SELECTOR = YES;
				GCC_WARN_UNINITIALIZED_AUTOS = YES_AGGRESSIVE;
				GCC_WARN_UNUSED_FUNCTION = YES;
				GCC_WARN_UNUSED_VARIABLE = YES;
				IPHONEOS_DEPLOYMENT_TARGET = 8.4;
				MTL_ENABLE_DEBUG_INFO = YES;
				ONLY_ACTIVE_ARCH = YES;
				SDKROOT = iphoneos;
				SWIFT_OPTIMIZATION_LEVEL = "-Onone";
				TARGETED_DEVICE_FAMILY = "1,2";
			};
			name = Debug;
		};
		B0239BDB1B85EC08002801FD /* Release */ = {
			isa = XCBuildConfiguration;
			buildSettings = {
				ALWAYS_SEARCH_USER_PATHS = NO;
				CLANG_CXX_LANGUAGE_STANDARD = "gnu++0x";
				CLANG_CXX_LIBRARY = "libc++";
				CLANG_ENABLE_MODULES = YES;
				CLANG_ENABLE_OBJC_ARC = YES;
				CLANG_WARN_BOOL_CONVERSION = YES;
				CLANG_WARN_CONSTANT_CONVERSION = YES;
				CLANG_WARN_DIRECT_OBJC_ISA_USAGE = YES_ERROR;
				CLANG_WARN_EMPTY_BODY = YES;
				CLANG_WARN_ENUM_CONVERSION = YES;
				CLANG_WARN_INT_CONVERSION = YES;
				CLANG_WARN_OBJC_ROOT_CLASS = YES_ERROR;
				CLANG_WARN_UNREACHABLE_CODE = YES;
				CLANG_WARN__DUPLICATE_METHOD_MATCH = YES;
				"CODE_SIGN_IDENTITY[sdk=iphoneos*]" = "iPhone Developer";
				COPY_PHASE_STRIP = NO;
				DEBUG_INFORMATION_FORMAT = "dwarf-with-dsym";
				ENABLE_NS_ASSERTIONS = NO;
				ENABLE_STRICT_OBJC_MSGSEND = YES;
				GCC_C_LANGUAGE_STANDARD = gnu99;
				GCC_NO_COMMON_BLOCKS = YES;
				GCC_WARN_64_TO_32_BIT_CONVERSION = YES;
				GCC_WARN_ABOUT_RETURN_TYPE = YES_ERROR;
				GCC_WARN_UNDECLARED_SELECTOR = YES;
				GCC_WARN_UNINITIALIZED_AUTOS = YES_AGGRESSIVE;
				GCC_WARN_UNUSED_FUNCTION = YES;
				GCC_WARN_UNUSED_VARIABLE = YES;
				IPHONEOS_DEPLOYMENT_TARGET = 8.4;
				MTL_ENABLE_DEBUG_INFO = NO;
				SDKROOT = iphoneos;
				TARGETED_DEVICE_FAMILY = "1,2";
				VALIDATE_PRODUCT = YES;
			};
			name = Release;
		};
		B0239BDD1B85EC08002801FD /* Debug */ = {
			isa = XCBuildConfiguration;
			buildSettings = {
				ASSETCATALOG_COMPILER_APPICON_NAME = AppIcon;
				INFOPLIST_FILE = TKSwarmAlert/Info.plist;
				LD_RUNPATH_SEARCH_PATHS = "$(inherited) @executable_path/Frameworks";
				PRODUCT_NAME = "$(TARGET_NAME)";
			};
			name = Debug;
		};
		B0239BDE1B85EC08002801FD /* Release */ = {
			isa = XCBuildConfiguration;
			buildSettings = {
				ASSETCATALOG_COMPILER_APPICON_NAME = AppIcon;
				INFOPLIST_FILE = TKSwarmAlert/Info.plist;
				LD_RUNPATH_SEARCH_PATHS = "$(inherited) @executable_path/Frameworks";
				PRODUCT_NAME = "$(TARGET_NAME)";
			};
			name = Release;
		};
		B0239BE01B85EC08002801FD /* Debug */ = {
			isa = XCBuildConfiguration;
			buildSettings = {
				BUNDLE_LOADER = "$(TEST_HOST)";
				FRAMEWORK_SEARCH_PATHS = (
					"$(SDKROOT)/Developer/Library/Frameworks",
					"$(inherited)",
				);
				GCC_PREPROCESSOR_DEFINITIONS = (
					"DEBUG=1",
					"$(inherited)",
				);
				INFOPLIST_FILE = TKSwarmAlertTests/Info.plist;
				LD_RUNPATH_SEARCH_PATHS = "$(inherited) @executable_path/Frameworks @loader_path/Frameworks";
				PRODUCT_NAME = "$(TARGET_NAME)";
				TEST_HOST = "$(BUILT_PRODUCTS_DIR)/TKSwarmAlert.app/TKSwarmAlert";
			};
			name = Debug;
		};
		B0239BE11B85EC08002801FD /* Release */ = {
			isa = XCBuildConfiguration;
			buildSettings = {
				BUNDLE_LOADER = "$(TEST_HOST)";
				FRAMEWORK_SEARCH_PATHS = (
					"$(SDKROOT)/Developer/Library/Frameworks",
					"$(inherited)",
				);
				INFOPLIST_FILE = TKSwarmAlertTests/Info.plist;
				LD_RUNPATH_SEARCH_PATHS = "$(inherited) @executable_path/Frameworks @loader_path/Frameworks";
				PRODUCT_NAME = "$(TARGET_NAME)";
				TEST_HOST = "$(BUILT_PRODUCTS_DIR)/TKSwarmAlert.app/TKSwarmAlert";
			};
			name = Release;
		};
/* End XCBuildConfiguration section */

/* Begin XCConfigurationList section */
		B0239BB81B85EC08002801FD /* Build configuration list for PBXProject "TKSwarmAlert" */ = {
			isa = XCConfigurationList;
			buildConfigurations = (
				B0239BDA1B85EC08002801FD /* Debug */,
				B0239BDB1B85EC08002801FD /* Release */,
			);
			defaultConfigurationIsVisible = 0;
			defaultConfigurationName = Release;
		};
		B0239BDC1B85EC08002801FD /* Build configuration list for PBXNativeTarget "TKSwarmAlert" */ = {
			isa = XCConfigurationList;
			buildConfigurations = (
				B0239BDD1B85EC08002801FD /* Debug */,
				B0239BDE1B85EC08002801FD /* Release */,
			);
			defaultConfigurationIsVisible = 0;
			defaultConfigurationName = Release;
		};
		B0239BDF1B85EC08002801FD /* Build configuration list for PBXNativeTarget "TKSwarmAlertTests" */ = {
			isa = XCConfigurationList;
			buildConfigurations = (
				B0239BE01B85EC08002801FD /* Debug */,
				B0239BE11B85EC08002801FD /* Release */,
			);
			defaultConfigurationIsVisible = 0;
			defaultConfigurationName = Release;
		};
/* End XCConfigurationList section */
	};
	rootObject = B0239BB51B85EC08002801FD /* Project object */;
}
